
Microsoft Visual Studio Solution File, Format Version 11.00
# Visual Studio 2010
Project("{FAE04EC0-301F-11D3-BF4B-00C04F79EFBC}") = "TestMailMessage", "TestMailMessage\TestMailMessage.csproj", "{D5E49B51-A19C-489C-B62B-99ABF9B9FDD7}"
EndProject
Project("{2150E333-8FDC-42A3-9474-1A3956D46DE8}") = "Solution Items", "Solution Items", "{293766A6-6144-4EDC-9ED7-F02BBB258DC0}"
	ProjectSection(SolutionItems) = preProject
		Local.testsettings = Local.testsettings
		TestSolution.vsmdi = TestSolution.vsmdi
		TraceAndTestImpact.testsettings = TraceAndTestImpact.testsettings
	EndProjectSection
EndProject
Project("{FAE04EC0-301F-11D3-BF4B-00C04F79EFBC}") = "TestXtraUserControl", "TestXtraUserControl\TestXtraUserControl.csproj", "{6D5D653F-72EA-4FFC-B129-7988EF65FC69}"
EndProject
Project("{FAE04EC0-301F-11D3-BF4B-00C04F79EFBC}") = "TestBusinessObject", "TestBusinessObject\TestBusinessObject.csproj", "{6A692363-80AB-4964-9D9D-1CE536612149}"
EndProject
Project("{FAE04EC0-301F-11D3-BF4B-00C04F79EFBC}") = "WindowsFormsApplication", "WindowsFormsApplication\WindowsFormsApplication.csproj", "{E31343BF-EB5A-4601-9B9A-0763A018F133}"
EndProject
Project("{FAE04EC0-301F-11D3-BF4B-00C04F79EFBC}") = "HandigeStandAloneCode", "HandigeStandAloneCode\HandigeStandAloneCode.csproj", "{4FC97E73-D4B6-4FD2-B5B4-14802646D592}"
EndProject
Project("{FAE04EC0-301F-11D3-BF4B-00C04F79EFBC}") = "PrivateSolution", "PrivateSolution\PrivateSolution.csproj", "{77367FB9-E3C1-454E-A2B5-399181320E74}"
EndProject
Project("{FAE04EC0-301F-11D3-BF4B-00C04F79EFBC}") = "SolReadTextFromImage", "SolReadTextFromImage\SolReadTextFromImage.csproj", "{FDE29D0E-9D37-4719-9B2C-147475460976}"
EndProject
Global
	GlobalSection(TestCaseManagementSettings) = postSolution
		CategoryFile = TestSolution.vsmdi
	EndGlobalSection
	GlobalSection(SolutionConfigurationPlatforms) = preSolution
		Debug|Any CPU = Debug|Any CPU
		Debug|Mixed Platforms = Debug|Mixed Platforms
		Debug|x86 = Debug|x86
		Release|Any CPU = Release|Any CPU
		Release|Mixed Platforms = Release|Mixed Platforms
		Release|x86 = Release|x86
	EndGlobalSection
	GlobalSection(ProjectConfigurationPlatforms) = postSolution
		{D5E49B51-A19C-489C-B62B-99ABF9B9FDD7}.Debug|Any CPU.ActiveCfg = Debug|Any CPU
		{D5E49B51-A19C-489C-B62B-99ABF9B9FDD7}.Debug|Any CPU.Build.0 = Debug|Any CPU
		{D5E49B51-A19C-489C-B62B-99ABF9B9FDD7}.Debug|Mixed Platforms.ActiveCfg = Debug|Any CPU
		{D5E49B51-A19C-489C-B62B-99ABF9B9FDD7}.Debug|Mixed Platforms.Build.0 = Debug|Any CPU
		{D5E49B51-A19C-489C-B62B-99ABF9B9FDD7}.Debug|x86.ActiveCfg = Debug|Any CPU
		{D5E49B51-A19C-489C-B62B-99ABF9B9FDD7}.Release|Any CPU.ActiveCfg = Release|Any CPU
		{D5E49B51-A19C-489C-B62B-99ABF9B9FDD7}.Release|Any CPU.Build.0 = Release|Any CPU
		{D5E49B51-A19C-489C-B62B-99ABF9B9FDD7}.Release|Mixed Platforms.ActiveCfg = Release|Any CPU
		{D5E49B51-A19C-489C-B62B-99ABF9B9FDD7}.Release|Mixed Platforms.Build.0 = Release|Any CPU
		{D5E49B51-A19C-489C-B62B-99ABF9B9FDD7}.Release|x86.ActiveCfg = Release|Any CPU
		{6D5D653F-72EA-4FFC-B129-7988EF65FC69}.Debug|Any CPU.ActiveCfg = Debug|Any CPU
		{6D5D653F-72EA-4FFC-B129-7988EF65FC69}.Debug|Any CPU.Build.0 = Debug|Any CPU
		{6D5D653F-72EA-4FFC-B129-7988EF65FC69}.Debug|Mixed Platforms.ActiveCfg = Debug|Any CPU
		{6D5D653F-72EA-4FFC-B129-7988EF65FC69}.Debug|Mixed Platforms.Build.0 = Debug|Any CPU
		{6D5D653F-72EA-4FFC-B129-7988EF65FC69}.Debug|x86.ActiveCfg = Debug|Any CPU
		{6D5D653F-72EA-4FFC-B129-7988EF65FC69}.Release|Any CPU.ActiveCfg = Release|Any CPU
		{6D5D653F-72EA-4FFC-B129-7988EF65FC69}.Release|Any CPU.Build.0 = Release|Any CPU
		{6D5D653F-72EA-4FFC-B129-7988EF65FC69}.Release|Mixed Platforms.ActiveCfg = Release|Any CPU
		{6D5D653F-72EA-4FFC-B129-7988EF65FC69}.Release|Mixed Platforms.Build.0 = Release|Any CPU
		{6D5D653F-72EA-4FFC-B129-7988EF65FC69}.Release|x86.ActiveCfg = Release|Any CPU
		{6A692363-80AB-4964-9D9D-1CE536612149}.Debug|Any CPU.ActiveCfg = Debug|Any CPU
		{6A692363-80AB-4964-9D9D-1CE536612149}.Debug|Any CPU.Build.0 = Debug|Any CPU
		{6A692363-80AB-4964-9D9D-1CE536612149}.Debug|Mixed Platforms.ActiveCfg = Debug|Any CPU
		{6A692363-80AB-4964-9D9D-1CE536612149}.Debug|Mixed Platforms.Build.0 = Debug|Any CPU
		{6A692363-80AB-4964-9D9D-1CE536612149}.Debug|x86.ActiveCfg = Debug|Any CPU
		{6A692363-80AB-4964-9D9D-1CE536612149}.Release|Any CPU.ActiveCfg = Release|Any CPU
		{6A692363-80AB-4964-9D9D-1CE536612149}.Release|Any CPU.Build.0 = Release|Any CPU
		{6A692363-80AB-4964-9D9D-1CE536612149}.Release|Mixed Platforms.ActiveCfg = Release|Any CPU
		{6A692363-80AB-4964-9D9D-1CE536612149}.Release|Mixed Platforms.Build.0 = Release|Any CPU
		{6A692363-80AB-4964-9D9D-1CE536612149}.Release|x86.ActiveCfg = Release|Any CPU
		{E31343BF-EB5A-4601-9B9A-0763A018F133}.Debug|Any CPU.ActiveCfg = Debug|x86
		{E31343BF-EB5A-4601-9B9A-0763A018F133}.Debug|Mixed Platforms.ActiveCfg = Debug|x86
		{E31343BF-EB5A-4601-9B9A-0763A018F133}.Debug|Mixed Platforms.Build.0 = Debug|x86
		{E31343BF-EB5A-4601-9B9A-0763A018F133}.Debug|x86.ActiveCfg = Debug|x86
		{E31343BF-EB5A-4601-9B9A-0763A018F133}.Debug|x86.Build.0 = Debug|x86
		{E31343BF-EB5A-4601-9B9A-0763A018F133}.Release|Any CPU.ActiveCfg = Release|x86
		{E31343BF-EB5A-4601-9B9A-0763A018F133}.Release|Mixed Platforms.ActiveCfg = Release|x86
		{E31343BF-EB5A-4601-9B9A-0763A018F133}.Release|Mixed Platforms.Build.0 = Release|x86
		{E31343BF-EB5A-4601-9B9A-0763A018F133}.Release|x86.ActiveCfg = Release|x86
		{E31343BF-EB5A-4601-9B9A-0763A018F133}.Release|x86.Build.0 = Release|x86
		{4FC97E73-D4B6-4FD2-B5B4-14802646D592}.Debug|Any CPU.ActiveCfg = Debug|Any CPU
		{4FC97E73-D4B6-4FD2-B5B4-14802646D592}.Debug|Any CPU.Build.0 = Debug|Any CPU
		{4FC97E73-D4B6-4FD2-B5B4-14802646D592}.Debug|Mixed Platforms.ActiveCfg = Debug|Any CPU
		{4FC97E73-D4B6-4FD2-B5B4-14802646D592}.Debug|Mixed Platforms.Build.0 = Debug|Any CPU
		{4FC97E73-D4B6-4FD2-B5B4-14802646D592}.Debug|x86.ActiveCfg = Debug|Any CPU
		{4FC97E73-D4B6-4FD2-B5B4-14802646D592}.Release|Any CPU.ActiveCfg = Release|Any CPU
		{4FC97E73-D4B6-4FD2-B5B4-14802646D592}.Release|Any CPU.Build.0 = Release|Any CPU
		{4FC97E73-D4B6-4FD2-B5B4-14802646D592}.Release|Mixed Platforms.ActiveCfg = Release|Any CPU
		{4FC97E73-D4B6-4FD2-B5B4-14802646D592}.Release|Mixed Platforms.Build.0 = Release|Any CPU
		{4FC97E73-D4B6-4FD2-B5B4-14802646D592}.Release|x86.ActiveCfg = Release|Any CPU
		{77367FB9-E3C1-454E-A2B5-399181320E74}.Debug|Any CPU.ActiveCfg = Debug|Any CPU
		{77367FB9-E3C1-454E-A2B5-399181320E74}.Debug|Any CPU.Build.0 = Debug|Any CPU
		{77367FB9-E3C1-454E-A2B5-399181320E74}.Debug|Mixed Platforms.ActiveCfg = Debug|Any CPU
		{77367FB9-E3C1-454E-A2B5-399181320E74}.Debug|Mixed Platforms.Build.0 = Debug|Any CPU
		{77367FB9-E3C1-454E-A2B5-399181320E74}.Debug|x86.ActiveCfg = Debug|Any CPU
		{77367FB9-E3C1-454E-A2B5-399181320E74}.Release|Any CPU.ActiveCfg = Release|Any CPU
		{77367FB9-E3C1-454E-A2B5-399181320E74}.Release|Any CPU.Build.0 = Release|Any CPU
		{77367FB9-E3C1-454E-A2B5-399181320E74}.Release|Mixed Platforms.ActiveCfg = Release|Any CPU
		{77367FB9-E3C1-454E-A2B5-399181320E74}.Release|Mixed Platforms.Build.0 = Release|Any CPU
		{77367FB9-E3C1-454E-A2B5-399181320E74}.Release|x86.ActiveCfg = Release|Any CPU
		{FDE29D0E-9D37-4719-9B2C-147475460976}.Debug|Any CPU.ActiveCfg = Debug|x86
		{FDE29D0E-9D37-4719-9B2C-147475460976}.Debug|Mixed Platforms.ActiveCfg = Debug|x86
		{FDE29D0E-9D37-4719-9B2C-147475460976}.Debug|Mixed Platforms.Build.0 = Debug|x86
		{FDE29D0E-9D37-4719-9B2C-147475460976}.Debug|x86.ActiveCfg = Debug|x86
		{FDE29D0E-9D37-4719-9B2C-147475460976}.Debug|x86.Build.0 = Debug|x86
		{FDE29D0E-9D37-4719-9B2C-147475460976}.Release|Any CPU.ActiveCfg = Release|x86
		{FDE29D0E-9D37-4719-9B2C-147475460976}.Release|Mixed Platforms.ActiveCfg = Release|x86
		{FDE29D0E-9D37-4719-9B2C-147475460976}.Release|Mixed Platforms.Build.0 = Release|x86
		{FDE29D0E-9D37-4719-9B2C-147475460976}.Release|x86.ActiveCfg = Release|x86
		{FDE29D0E-9D37-4719-9B2C-147475460976}.Release|x86.Build.0 = Release|x86
	EndGlobalSection
	GlobalSection(SolutionProperties) = preSolution
		HideSolutionNode = FALSE
	EndGlobalSection
EndGlobal
